// !$*UTF8*$!
{
	archiveVersion = 1;
	classes = {
	};
	objectVersion = 56;
	objects = {

/* Begin PBXBuildFile section */
		B4AB3C602B3DEC0E006EDFBE /* AppDelegate.swift in Sources */ = {isa = PBXBuildFile; fileRef = B4AB3C5F2B3DEC0E006EDFBE /* AppDelegate.swift */; };
		B4AB3C622B3DEC0E006EDFBE /* SceneDelegate.swift in Sources */ = {isa = PBXBuildFile; fileRef = B4AB3C612B3DEC0E006EDFBE /* SceneDelegate.swift */; };
		B4AB3C692B3DEC10006EDFBE /* Assets.xcassets in Resources */ = {isa = PBXBuildFile; fileRef = B4AB3C682B3DEC10006EDFBE /* Assets.xcassets */; };
		B4AB3C6C2B3DEC10006EDFBE /* LaunchScreen.storyboard in Resources */ = {isa = PBXBuildFile; fileRef = B4AB3C6A2B3DEC10006EDFBE /* LaunchScreen.storyboard */; };
		B4AB3C752B3DECA7006EDFBE /* NBTransaction.swift in Sources */ = {isa = PBXBuildFile; fileRef = B4AB3C742B3DECA7006EDFBE /* NBTransaction.swift */; };
		B4AB3C782B3DF168006EDFBE /* NBTransactionsViewController.swift in Sources */ = {isa = PBXBuildFile; fileRef = B4AB3C772B3DF168006EDFBE /* NBTransactionsViewController.swift */; };
		B4AB3C7A2B3DF17A006EDFBE /* NBAddTransactionViewController.swift in Sources */ = {isa = PBXBuildFile; fileRef = B4AB3C792B3DF17A006EDFBE /* NBAddTransactionViewController.swift */; };
		B4AB3C7D2B3DF20A006EDFBE /* UIView+Extension.swift in Sources */ = {isa = PBXBuildFile; fileRef = B4AB3C7C2B3DF20A006EDFBE /* UIView+Extension.swift */; };
		B4AB3C802B3DF36B006EDFBE /* NBTextFieldTableViewCell.swift in Sources */ = {isa = PBXBuildFile; fileRef = B4AB3C7F2B3DF36B006EDFBE /* NBTextFieldTableViewCell.swift */; };
		B4AB3C862B3E02DC006EDFBE /* NBButtonHeaderFooterView.swift in Sources */ = {isa = PBXBuildFile; fileRef = B4AB3C852B3E02DC006EDFBE /* NBButtonHeaderFooterView.swift */; };
/* End PBXBuildFile section */

/* Begin PBXFileReference section */
		B4AB3C5C2B3DEC0E006EDFBE /* NumbersApp.app */ = {isa = PBXFileReference; explicitFileType = wrapper.application; includeInIndex = 0; path = NumbersApp.app; sourceTree = BUILT_PRODUCTS_DIR; };
		B4AB3C5F2B3DEC0E006EDFBE /* AppDelegate.swift */ = {isa = PBXFileReference; lastKnownFileType = sourcecode.swift; path = AppDelegate.swift; sourceTree = "<group>"; };
		B4AB3C612B3DEC0E006EDFBE /* SceneDelegate.swift */ = {isa = PBXFileReference; lastKnownFileType = sourcecode.swift; path = SceneDelegate.swift; sourceTree = "<group>"; };
		B4AB3C682B3DEC10006EDFBE /* Assets.xcassets */ = {isa = PBXFileReference; lastKnownFileType = folder.assetcatalog; path = Assets.xcassets; sourceTree = "<group>"; };
		B4AB3C6B2B3DEC10006EDFBE /* Base */ = {isa = PBXFileReference; lastKnownFileType = file.storyboard; name = Base; path = Base.lproj/LaunchScreen.storyboard; sourceTree = "<group>"; };
		B4AB3C6D2B3DEC10006EDFBE /* Info.plist */ = {isa = PBXFileReference; lastKnownFileType = text.plist.xml; path = Info.plist; sourceTree = "<group>"; };
		B4AB3C742B3DECA7006EDFBE /* NBTransaction.swift */ = {isa = PBXFileReference; lastKnownFileType = sourcecode.swift; path = NBTransaction.swift; sourceTree = "<group>"; };
		B4AB3C772B3DF168006EDFBE /* NBTransactionsViewController.swift */ = {isa = PBXFileReference; lastKnownFileType = sourcecode.swift; path = NBTransactionsViewController.swift; sourceTree = "<group>"; };
		B4AB3C792B3DF17A006EDFBE /* NBAddTransactionViewController.swift */ = {isa = PBXFileReference; lastKnownFileType = sourcecode.swift; path = NBAddTransactionViewController.swift; sourceTree = "<group>"; };
		B4AB3C7C2B3DF20A006EDFBE /* UIView+Extension.swift */ = {isa = PBXFileReference; lastKnownFileType = sourcecode.swift; path = "UIView+Extension.swift"; sourceTree = "<group>"; };
		B4AB3C7F2B3DF36B006EDFBE /* NBTextFieldTableViewCell.swift */ = {isa = PBXFileReference; lastKnownFileType = sourcecode.swift; path = NBTextFieldTableViewCell.swift; sourceTree = "<group>"; };
		B4AB3C852B3E02DC006EDFBE /* NBButtonHeaderFooterView.swift */ = {isa = PBXFileReference; lastKnownFileType = sourcecode.swift; path = NBButtonHeaderFooterView.swift; sourceTree = "<group>"; };
/* End PBXFileReference section */

/* Begin PBXFrameworksBuildPhase section */
		B4AB3C592B3DEC0E006EDFBE /* Frameworks */ = {
			isa = PBXFrameworksBuildPhase;
			buildActionMask = 2147483647;
			files = (
			);
			runOnlyForDeploymentPostprocessing = 0;
		};
/* End PBXFrameworksBuildPhase section */

/* Begin PBXGroup section */
		B4AB3C532B3DEC0E006EDFBE = {
			isa = PBXGroup;
			children = (
				B4AB3C5E2B3DEC0E006EDFBE /* NumbersApp */,
				B4AB3C5D2B3DEC0E006EDFBE /* Products */,
			);
			sourceTree = "<group>";
		};
		B4AB3C5D2B3DEC0E006EDFBE /* Products */ = {
			isa = PBXGroup;
			children = (
				B4AB3C5C2B3DEC0E006EDFBE /* NumbersApp.app */,
			);
			name = Products;
			sourceTree = "<group>";
		};
		B4AB3C5E2B3DEC0E006EDFBE /* NumbersApp */ = {
			isa = PBXGroup;
			children = (
				B4AB3C5F2B3DEC0E006EDFBE /* AppDelegate.swift */,
				B4AB3C612B3DEC0E006EDFBE /* SceneDelegate.swift */,
				B4AB3C732B3DEC84006EDFBE /* Models */,
				B4AB3C7E2B3DF362006EDFBE /* Views */,
				B4AB3C762B3DF156006EDFBE /* Controllers */,
				B4AB3C7B2B3DF200006EDFBE /* Extensions */,
				B4AB3C682B3DEC10006EDFBE /* Assets.xcassets */,
				B4AB3C6A2B3DEC10006EDFBE /* LaunchScreen.storyboard */,
				B4AB3C6D2B3DEC10006EDFBE /* Info.plist */,
			);
			path = NumbersApp;
			sourceTree = "<group>";
		};
		B4AB3C732B3DEC84006EDFBE /* Models */ = {
			isa = PBXGroup;
			children = (
				B4AB3C742B3DECA7006EDFBE /* NBTransaction.swift */,
			);
			path = Models;
			sourceTree = "<group>";
		};
		B4AB3C762B3DF156006EDFBE /* Controllers */ = {
			isa = PBXGroup;
			children = (
				B4AB3C772B3DF168006EDFBE /* NBTransactionsViewController.swift */,
				B4AB3C792B3DF17A006EDFBE /* NBAddTransactionViewController.swift */,
			);
			path = Controllers;
			sourceTree = "<group>";
		};
		B4AB3C7B2B3DF200006EDFBE /* Extensions */ = {
			isa = PBXGroup;
			children = (
				B4AB3C7C2B3DF20A006EDFBE /* UIView+Extension.swift */,
			);
			path = Extensions;
			sourceTree = "<group>";
		};
		B4AB3C7E2B3DF362006EDFBE /* Views */ = {
			isa = PBXGroup;
			children = (
				B4AB3C7F2B3DF36B006EDFBE /* NBTextFieldTableViewCell.swift */,
				B4AB3C852B3E02DC006EDFBE /* NBButtonHeaderFooterView.swift */,
			);
			path = Views;
			sourceTree = "<group>";
		};
/* End PBXGroup section */

/* Begin PBXNativeTarget section */
		B4AB3C5B2B3DEC0E006EDFBE /* NumbersApp */ = {
			isa = PBXNativeTarget;
			buildConfigurationList = B4AB3C702B3DEC10006EDFBE /* Build configuration list for PBXNativeTarget "NumbersApp" */;
			buildPhases = (
				B4AB3C582B3DEC0E006EDFBE /* Sources */,
				B4AB3C592B3DEC0E006EDFBE /* Frameworks */,
				B4AB3C5A2B3DEC0E006EDFBE /* Resources */,
			);
			buildRules = (
			);
			dependencies = (
			);
			name = NumbersApp;
			productName = NumbersApp;
			productReference = B4AB3C5C2B3DEC0E006EDFBE /* NumbersApp.app */;
			productType = "com.apple.product-type.application";
		};
/* End PBXNativeTarget section */

/* Begin PBXProject section */
		B4AB3C542B3DEC0E006EDFBE /* Project object */ = {
			isa = PBXProject;
			attributes = {
				BuildIndependentTargetsInParallel = 1;
				LastSwiftUpdateCheck = 1510;
				LastUpgradeCheck = 1510;
				TargetAttributes = {
					B4AB3C5B2B3DEC0E006EDFBE = {
						CreatedOnToolsVersion = 15.1;
					};
				};
			};
			buildConfigurationList = B4AB3C572B3DEC0E006EDFBE /* Build configuration list for PBXProject "NumbersApp" */;
			compatibilityVersion = "Xcode 14.0";
			developmentRegion = en;
			hasScannedForEncodings = 0;
			knownRegions = (
				en,
				Base,
			);
			mainGroup = B4AB3C532B3DEC0E006EDFBE;
			productRefGroup = B4AB3C5D2B3DEC0E006EDFBE /* Products */;
			projectDirPath = "";
			projectRoot = "";
			targets = (
				B4AB3C5B2B3DEC0E006EDFBE /* NumbersApp */,
			);
		};
/* End PBXProject section */

/* Begin PBXResourcesBuildPhase section */
		B4AB3C5A2B3DEC0E006EDFBE /* Resources */ = {
			isa = PBXResourcesBuildPhase;
			buildActionMask = 2147483647;
			files = (
				B4AB3C6C2B3DEC10006EDFBE /* LaunchScreen.storyboard in Resources */,
				B4AB3C692B3DEC10006EDFBE /* Assets.xcassets in Resources */,
			);
			runOnlyForDeploymentPostprocessing = 0;
		};
/* End PBXResourcesBuildPhase section */

/* Begin PBXSourcesBuildPhase section */
		B4AB3C582B3DEC0E006EDFBE /* Sources */ = {
			isa = PBXSourcesBuildPhase;
			buildActionMask = 2147483647;
			files = (
				B4AB3C802B3DF36B006EDFBE /* NBTextFieldTableViewCell.swift in Sources */,
				B4AB3C7D2B3DF20A006EDFBE /* UIView+Extension.swift in Sources */,
				B4AB3C752B3DECA7006EDFBE /* NBTransaction.swift in Sources */,
				B4AB3C602B3DEC0E006EDFBE /* AppDelegate.swift in Sources */,
				B4AB3C782B3DF168006EDFBE /* NBTransactionsViewController.swift in Sources */,
				B4AB3C622B3DEC0E006EDFBE /* SceneDelegate.swift in Sources */,
				B4AB3C862B3E02DC006EDFBE /* NBButtonHeaderFooterView.swift in Sources */,
				B4AB3C7A2B3DF17A006EDFBE /* NBAddTransactionViewController.swift in Sources */,
			);
			runOnlyForDeploymentPostprocessing = 0;
		};
/* End PBXSourcesBuildPhase section */

/* Begin PBXVariantGroup section */
		B4AB3C6A2B3DEC10006EDFBE /* LaunchScreen.storyboard */ = {
			isa = PBXVariantGroup;
			children = (
				B4AB3C6B2B3DEC10006EDFBE /* Base */,
			);
			name = LaunchScreen.storyboard;
			sourceTree = "<group>";
		};
/* End PBXVariantGroup section */

/* Begin XCBuildConfiguration section */
		B4AB3C6E2B3DEC10006EDFBE /* Debug */ = {
			isa = XCBuildConfiguration;
			buildSettings = {
				ALWAYS_SEARCH_USER_PATHS = NO;
				ASSETCATALOG_COMPILER_GENERATE_SWIFT_ASSET_SYMBOL_EXTENSIONS = YES;
				CLANG_ANALYZER_NONNULL = YES;
				CLANG_ANALYZER_NUMBER_OBJECT_CONVERSION = YES_AGGRESSIVE;
				CLANG_CXX_LANGUAGE_STANDARD = "gnu++20";
				CLANG_ENABLE_MODULES = YES;
				CLANG_ENABLE_OBJC_ARC = YES;
				CLANG_ENABLE_OBJC_WEAK = YES;
				CLANG_WARN_BLOCK_CAPTURE_AUTORELEASING = YES;
				CLANG_WARN_BOOL_CONVERSION = YES;
				CLANG_WARN_COMMA = YES;
				CLANG_WARN_CONSTANT_CONVERSION = YES;
				CLANG_WARN_DEPRECATED_OBJC_IMPLEMENTATIONS = YES;
				CLANG_WARN_DIRECT_OBJC_ISA_USAGE = YES_ERROR;
				CLANG_WARN_DOCUMENTATION_COMMENTS = YES;
				CLANG_WARN_EMPTY_BODY = YES;
				CLANG_WARN_ENUM_CONVERSION = YES;
				CLANG_WARN_INFINITE_RECURSION = YES;
				CLANG_WARN_INT_CONVERSION = YES;
				CLANG_WARN_NON_LITERAL_NULL_CONVERSION = YES;
				CLANG_WARN_OBJC_IMPLICIT_RETAIN_SELF = YES;
				CLANG_WARN_OBJC_LITERAL_CONVERSION = YES;
				CLANG_WARN_OBJC_ROOT_CLASS = YES_ERROR;
				CLANG_WARN_QUOTED_INCLUDE_IN_FRAMEWORK_HEADER = YES;
				CLANG_WARN_RANGE_LOOP_ANALYSIS = YES;
				CLANG_WARN_STRICT_PROTOTYPES = YES;
				CLANG_WARN_SUSPICIOUS_MOVE = YES;
				CLANG_WARN_UNGUARDED_AVAILABILITY = YES_AGGRESSIVE;
				CLANG_WARN_UNREACHABLE_CODE = YES;
				CLANG_WARN__DUPLICATE_METHOD_MATCH = YES;
				COPY_PHASE_STRIP = NO;
				DEBUG_INFORMATION_FORMAT = dwarf;
				ENABLE_STRICT_OBJC_MSGSEND = YES;
				ENABLE_TESTABILITY = YES;
				ENABLE_USER_SCRIPT_SANDBOXING = YES;
				GCC_C_LANGUAGE_STANDARD = gnu17;
				GCC_DYNAMIC_NO_PIC = NO;
				GCC_NO_COMMON_BLOCKS = YES;
				GCC_OPTIMIZATION_LEVEL = 0;
				GCC_PREPROCESSOR_DEFINITIONS = (
					"DEBUG=1",
					"$(inherited)",
				);
				GCC_WARN_64_TO_32_BIT_CONVERSION = YES;
				GCC_WARN_ABOUT_RETURN_TYPE = YES_ERROR;
				GCC_WARN_UNDECLARED_SELECTOR = YES;
				GCC_WARN_UNINITIALIZED_AUTOS = YES_AGGRESSIVE;
				GCC_WARN_UNUSED_FUNCTION = YES;
				GCC_WARN_UNUSED_VARIABLE = YES;
				IPHONEOS_DEPLOYMENT_TARGET = 17.2;
				LOCALIZATION_PREFERS_STRING_CATALOGS = YES;
				MTL_ENABLE_DEBUG_INFO = INCLUDE_SOURCE;
				MTL_FAST_MATH = YES;
				ONLY_ACTIVE_ARCH = YES;
				SDKROOT = iphoneos;
				SWIFT_ACTIVE_COMPILATION_CONDITIONS = "DEBUG $(inherited)";
				SWIFT_OPTIMIZATION_LEVEL = "-Onone";
			};
			name = Debug;
		};
		B4AB3C6F2B3DEC10006EDFBE /* Release */ = {
			isa = XCBuildConfiguration;
			buildSettings = {
				ALWAYS_SEARCH_USER_PATHS = NO;
				ASSETCATALOG_COMPILER_GENERATE_SWIFT_ASSET_SYMBOL_EXTENSIONS = YES;
				CLANG_ANALYZER_NONNULL = YES;
				CLANG_ANALYZER_NUMBER_OBJECT_CONVERSION = YES_AGGRESSIVE;
				CLANG_CXX_LANGUAGE_STANDARD = "gnu++20";
				CLANG_ENABLE_MODULES = YES;
				CLANG_ENABLE_OBJC_ARC = YES;
				CLANG_ENABLE_OBJC_WEAK = YES;
				CLANG_WARN_BLOCK_CAPTURE_AUTORELEASING = YES;
				CLANG_WARN_BOOL_CONVERSION = YES;
				CLANG_WARN_COMMA = YES;
				CLANG_WARN_CONSTANT_CONVERSION = YES;
				CLANG_WARN_DEPRECATED_OBJC_IMPLEMENTATIONS = YES;
				CLANG_WARN_DIRECT_OBJC_ISA_USAGE = YES_ERROR;
				CLANG_WARN_DOCUMENTATION_COMMENTS = YES;
				CLANG_WARN_EMPTY_BODY = YES;
				CLANG_WARN_ENUM_CONVERSION = YES;
				CLANG_WARN_INFINITE_RECURSION = YES;
				CLANG_WARN_INT_CONVERSION = YES;
				CLANG_WARN_NON_LITERAL_NULL_CONVERSION = YES;
				CLANG_WARN_OBJC_IMPLICIT_RETAIN_SELF = YES;
				CLANG_WARN_OBJC_LITERAL_CONVERSION = YES;
				CLANG_WARN_OBJC_ROOT_CLASS = YES_ERROR;
				CLANG_WARN_QUOTED_INCLUDE_IN_FRAMEWORK_HEADER = YES;
				CLANG_WARN_RANGE_LOOP_ANALYSIS = YES;
				CLANG_WARN_STRICT_PROTOTYPES = YES;
				CLANG_WARN_SUSPICIOUS_MOVE = YES;
				CLANG_WARN_UNGUARDED_AVAILABILITY = YES_AGGRESSIVE;
				CLANG_WARN_UNREACHABLE_CODE = YES;
				CLANG_WARN__DUPLICATE_METHOD_MATCH = YES;
				COPY_PHASE_STRIP = NO;
				DEBUG_INFORMATION_FORMAT = "dwarf-with-dsym";
				ENABLE_NS_ASSERTIONS = NO;
				ENABLE_STRICT_OBJC_MSGSEND = YES;
				ENABLE_USER_SCRIPT_SANDBOXING = YES;
				GCC_C_LANGUAGE_STANDARD = gnu17;
				GCC_NO_COMMON_BLOCKS = YES;
				GCC_WARN_64_TO_32_BIT_CONVERSION = YES;
				GCC_WARN_ABOUT_RETURN_TYPE = YES_ERROR;
				GCC_WARN_UNDECLARED_SELECTOR = YES;
				GCC_WARN_UNINITIALIZED_AUTOS = YES_AGGRESSIVE;
				GCC_WARN_UNUSED_FUNCTION = YES;
				GCC_WARN_UNUSED_VARIABLE = YES;
				IPHONEOS_DEPLOYMENT_TARGET = 17.2;
				LOCALIZATION_PREFERS_STRING_CATALOGS = YES;
				MTL_ENABLE_DEBUG_INFO = NO;
				MTL_FAST_MATH = YES;
				SDKROOT = iphoneos;
				SWIFT_COMPILATION_MODE = wholemodule;
				VALIDATE_PRODUCT = YES;
			};
			name = Release;
		};
		B4AB3C712B3DEC10006EDFBE /* Debug */ = {
			isa = XCBuildConfiguration;
			buildSettings = {
				ASSETCATALOG_COMPILER_APPICON_NAME = AppIcon;
				ASSETCATALOG_COMPILER_GLOBAL_ACCENT_COLOR_NAME = AccentColor;
				CODE_SIGN_STYLE = Automatic;
				CURRENT_PROJECT_VERSION = 1;
				DEVELOPMENT_TEAM = 4YZDJM5F99;
				GENERATE_INFOPLIST_FILE = YES;
				INFOPLIST_FILE = NumbersApp/Info.plist;
				INFOPLIST_KEY_UIApplicationSupportsIndirectInputEvents = YES;
				INFOPLIST_KEY_UILaunchStoryboardName = LaunchScreen;
				INFOPLIST_KEY_UISupportedInterfaceOrientations_iPad = "UIInterfaceOrientationPortrait UIInterfaceOrientationPortraitUpsideDown UIInterfaceOrientationLandscapeLeft UIInterfaceOrientationLandscapeRight";
				INFOPLIST_KEY_UISupportedInterfaceOrientations_iPhone = "UIInterfaceOrientationPortrait UIInterfaceOrientationLandscapeLeft UIInterfaceOrientationLandscapeRight";
				LD_RUNPATH_SEARCH_PATHS = (
					"$(inherited)",
					"@executable_path/Frameworks",
				);
				MARKETING_VERSION = 1.0;
				PRODUCT_BUNDLE_IDENTIFIER = com.unkn0wny3t.ios.NumbersApp;
				PRODUCT_NAME = "$(TARGET_NAME)";
				SUPPORTED_PLATFORMS = "iphoneos iphonesimulator";
				SUPPORTS_MACCATALYST = NO;
				SWIFT_EMIT_LOC_STRINGS = YES;
				SWIFT_VERSION = 5.0;
				TARGETED_DEVICE_FAMILY = 1;
			};
			name = Debug;
		};
		B4AB3C722B3DEC10006EDFBE /* Release */ = {
			isa = XCBuildConfiguration;
			buildSettings = {
				ASSETCATALOG_COMPILER_APPICON_NAME = AppIcon;
				ASSETCATALOG_COMPILER_GLOBAL_ACCENT_COLOR_NAME = AccentColor;
				CODE_SIGN_STYLE = Automatic;
				CURRENT_PROJECT_VERSION = 1;
				DEVELOPMENT_TEAM = 4YZDJM5F99;
				GENERATE_INFOPLIST_FILE = YES;
				INFOPLIST_FILE = NumbersApp/Info.plist;
				INFOPLIST_KEY_UIApplicationSupportsIndirectInputEvents = YES;
				INFOPLIST_KEY_UILaunchStoryboardName = LaunchScreen;
				INFOPLIST_KEY_UISupportedInterfaceOrientations_iPad = "UIInterfaceOrientationPortrait UIInterfaceOrientationPortraitUpsideDown UIInterfaceOrientationLandscapeLeft UIInterfaceOrientationLandscapeRight";
				INFOPLIST_KEY_UISupportedInterfaceOrientations_iPhone = "UIInterfaceOrientationPortrait UIInterfaceOrientationLandscapeLeft UIInterfaceOrientationLandscapeRight";
				LD_RUNPATH_SEARCH_PATHS = (
					"$(inherited)",
					"@executable_path/Frameworks",
				);
				MARKETING_VERSION = 1.0;
				PRODUCT_BUNDLE_IDENTIFIER = com.unkn0wny3t.ios.NumbersApp;
				PRODUCT_NAME = "$(TARGET_NAME)";
				SUPPORTED_PLATFORMS = "iphoneos iphonesimulator";
				SUPPORTS_MACCATALYST = NO;
				SWIFT_EMIT_LOC_STRINGS = YES;
				SWIFT_VERSION = 5.0;
				TARGETED_DEVICE_FAMILY = 1;
			};
			name = Release;
		};
/* End XCBuildConfiguration section */

/* Begin XCConfigurationList section */
		B4AB3C572B3DEC0E006EDFBE /* Build configuration list for PBXProject "NumbersApp" */ = {
			isa = XCConfigurationList;
			buildConfigurations = (
				B4AB3C6E2B3DEC10006EDFBE /* Debug */,
				B4AB3C6F2B3DEC10006EDFBE /* Release */,
			);
			defaultConfigurationIsVisible = 0;
			defaultConfigurationName = Release;
		};
		B4AB3C702B3DEC10006EDFBE /* Build configuration list for PBXNativeTarget "NumbersApp" */ = {
			isa = XCConfigurationList;
			buildConfigurations = (
				B4AB3C712B3DEC10006EDFBE /* Debug */,
				B4AB3C722B3DEC10006EDFBE /* Release */,
			);
			defaultConfigurationIsVisible = 0;
			defaultConfigurationName = Release;
		};
/* End XCConfigurationList section */
	};
	rootObject = B4AB3C542B3DEC0E006EDFBE /* Project object */;
}
